Microsoft Visual Studio Solution File, Format Version 12.00
# Visual Studio Version 17
VisualStudioVersion = 17.5.2.0
MinimumVisualStudioVersion = 10.0.40219.1
Project("{FAE04EC0-301F-11D3-BF4B-00C04F79EFBC}") = "AppListaCircular", "AppListaCircular.csproj", "{EFE065E6-6875-6A37-64FD-7EB5946D8F2E}"
EndProject
Global
	GlobalSection(SolutionConfigurationPlatforms) = preSolution
		Debug|Any CPU = Debug|Any CPU
		Release|Any CPU = Release|Any CPU
	EndGlobalSection
	GlobalSection(ProjectConfigurationPlatforms) = postSolution
		{EFE065E6-6875-6A37-64FD-7EB5946D8F2E}.Debug|Any CPU.ActiveCfg = Debug|Any CPU
		{EFE065E6-6875-6A37-64FD-7EB5946D8F2E}.Debug|Any CPU.Build.0 = Debug|Any CPU
		{EFE065E6-6875-6A37-64FD-7EB5946D8F2E}.Release|Any CPU.ActiveCfg = Release|Any CPU
		{EFE065E6-6875-6A37-64FD-7EB5946D8F2E}.Release|Any CPU.Build.0 = Release|Any CPU
	EndGlobalSection
	GlobalSection(SolutionProperties) = preSolution
		HideSolutionNode = FALSE
	EndGlobalSection
	GlobalSection(ExtensibilityGlobals) = postSolution
		SolutionGuid = {054C5952-65C9-4289-9A1D-845873B42037}
	EndGlobalSection
EndGlobal
